
Microsoft Visual Studio Solution File, Format Version 12.00
# Visual Studio Version 17
VisualStudioVersion = 17.3.32819.101
MinimumVisualStudioVersion = 10.0.40219.1
Project("{888888A0-9F3D-457C-B088-3A5042F75D52}") = "PractilinetööAleksanderGrüntal", "PractilinetööAleksanderGrüntal.pyproj", "{84939CF0-A28F-42FC-BA90-AD188405BDB5}"
EndProject
Global
	GlobalSection(SolutionConfigurationPlatforms) = preSolution
		Debug|Any CPU = Debug|Any CPU
		Release|Any CPU = Release|Any CPU
	EndGlobalSection
	GlobalSection(ProjectConfigurationPlatforms) = postSolution
		{84939CF0-A28F-42FC-BA90-AD188405BDB5}.Debug|Any CPU.ActiveCfg = Debug|Any CPU
		{84939CF0-A28F-42FC-BA90-AD188405BDB5}.Release|Any CPU.ActiveCfg = Release|Any CPU
	EndGlobalSection
	GlobalSection(SolutionProperties) = preSolution
		HideSolutionNode = FALSE
	EndGlobalSection
	GlobalSection(ExtensibilityGlobals) = postSolution
		SolutionGuid = {D8B54786-DF2F-4EDC-9BF7-7B9467D78299}
	EndGlobalSection
EndGlobal
